
Microsoft Visual Studio Solution File, Format Version 12.00
# Visual Studio Version 17
VisualStudioVersion = 17.0.32126.317
MinimumVisualStudioVersion = 10.0.40219.1
Project("{FAE04EC0-301F-11D3-BF4B-00C04F79EFBC}") = "Console farm reborn", "Console farm reborn\Console farm reborn.csproj", "{618AE03E-CED0-433E-BDF2-7BF8CFA3AE15}"
EndProject
Global
	GlobalSection(SolutionConfigurationPlatforms) = preSolution
		Debug|Any CPU = Debug|Any CPU
		Release|Any CPU = Release|Any CPU
	EndGlobalSection
	GlobalSection(ProjectConfigurationPlatforms) = postSolution
		{618AE03E-CED0-433E-BDF2-7BF8CFA3AE15}.Debug|Any CPU.ActiveCfg = Debug|Any CPU
		{618AE03E-CED0-433E-BDF2-7BF8CFA3AE15}.Debug|Any CPU.Build.0 = Debug|Any CPU
		{618AE03E-CED0-433E-BDF2-7BF8CFA3AE15}.Release|Any CPU.ActiveCfg = Release|Any CPU
		{618AE03E-CED0-433E-BDF2-7BF8CFA3AE15}.Release|Any CPU.Build.0 = Release|Any CPU
	EndGlobalSection
	GlobalSection(SolutionProperties) = preSolution
		HideSolutionNode = FALSE
	EndGlobalSection
	GlobalSection(ExtensibilityGlobals) = postSolution
		SolutionGuid = {339E3CC8-0AE5-486A-A652-F395884185B1}
	EndGlobalSection
EndGlobal
